
Microsoft Visual Studio Solution File, Format Version 12.00
# Visual Studio Version 17
VisualStudioVersion = 17.4.33205.214
MinimumVisualStudioVersion = 10.0.40219.1
Project("{9A19103F-16F7-4668-BE54-9A1E7A4F7556}") = "HomeWork", "HomeWork\HomeWork.csproj", "{AEF99C5A-FD11-4E45-8600-C3D0932FE7BE}"
EndProject
Project("{9A19103F-16F7-4668-BE54-9A1E7A4F7556}") = "HomeWorkExersises", "HomeWorkSaturday\HomeWorkExersises.csproj", "{F2BF9800-DB48-463C-B613-38AAE3306978}"
EndProject
Project("{9A19103F-16F7-4668-BE54-9A1E7A4F7556}") = "Calculator", "Calculator\Calculator.csproj", "{8D105314-EA31-4807-BF12-DAC39F4F1067}"
EndProject
Project("{9A19103F-16F7-4668-BE54-9A1E7A4F7556}") = "HomeWorkClassesStructs", "HomeWorkClassesStructs\HomeWorkClassesStructs.csproj", "{6810C5A9-5DB8-4AE3-9CAD-9C6049D9F8F1}"
EndProject
Project("{9A19103F-16F7-4668-BE54-9A1E7A4F7556}") = "ClassesHomework", "ClassesHomework\ClassesHomework.csproj", "{A92E298F-49B0-435B-9F09-B2E4E06880F6}"
EndProject
Project("{9A19103F-16F7-4668-BE54-9A1E7A4F7556}") = "Inheritance", "Inheritance\Inheritance.csproj", "{48E4B172-F290-41D3-8BE7-E933D93CC6B4}"
EndProject
Project("{FAE04EC0-301F-11D3-BF4B-00C04F79EFBC}") = "abstraction", "abstraction\abstraction.csproj", "{A30E3D60-1AB3-4FAF-A6CB-A3C030D26B12}"
EndProject
Global
	GlobalSection(SolutionConfigurationPlatforms) = preSolution
		Debug|Any CPU = Debug|Any CPU
		Release|Any CPU = Release|Any CPU
	EndGlobalSection
	GlobalSection(ProjectConfigurationPlatforms) = postSolution
		{AEF99C5A-FD11-4E45-8600-C3D0932FE7BE}.Debug|Any CPU.ActiveCfg = Debug|Any CPU
		{AEF99C5A-FD11-4E45-8600-C3D0932FE7BE}.Debug|Any CPU.Build.0 = Debug|Any CPU
		{AEF99C5A-FD11-4E45-8600-C3D0932FE7BE}.Release|Any CPU.ActiveCfg = Release|Any CPU
		{AEF99C5A-FD11-4E45-8600-C3D0932FE7BE}.Release|Any CPU.Build.0 = Release|Any CPU
		{F2BF9800-DB48-463C-B613-38AAE3306978}.Debug|Any CPU.ActiveCfg = Debug|Any CPU
		{F2BF9800-DB48-463C-B613-38AAE3306978}.Debug|Any CPU.Build.0 = Debug|Any CPU
		{F2BF9800-DB48-463C-B613-38AAE3306978}.Release|Any CPU.ActiveCfg = Release|Any CPU
		{F2BF9800-DB48-463C-B613-38AAE3306978}.Release|Any CPU.Build.0 = Release|Any CPU
		{8D105314-EA31-4807-BF12-DAC39F4F1067}.Debug|Any CPU.ActiveCfg = Debug|Any CPU
		{8D105314-EA31-4807-BF12-DAC39F4F1067}.Debug|Any CPU.Build.0 = Debug|Any CPU
		{8D105314-EA31-4807-BF12-DAC39F4F1067}.Release|Any CPU.ActiveCfg = Release|Any CPU
		{8D105314-EA31-4807-BF12-DAC39F4F1067}.Release|Any CPU.Build.0 = Release|Any CPU
		{6810C5A9-5DB8-4AE3-9CAD-9C6049D9F8F1}.Debug|Any CPU.ActiveCfg = Debug|Any CPU
		{6810C5A9-5DB8-4AE3-9CAD-9C6049D9F8F1}.Debug|Any CPU.Build.0 = Debug|Any CPU
		{6810C5A9-5DB8-4AE3-9CAD-9C6049D9F8F1}.Release|Any CPU.ActiveCfg = Release|Any CPU
		{6810C5A9-5DB8-4AE3-9CAD-9C6049D9F8F1}.Release|Any CPU.Build.0 = Release|Any CPU
		{A92E298F-49B0-435B-9F09-B2E4E06880F6}.Debug|Any CPU.ActiveCfg = Debug|Any CPU
		{A92E298F-49B0-435B-9F09-B2E4E06880F6}.Debug|Any CPU.Build.0 = Debug|Any CPU
		{A92E298F-49B0-435B-9F09-B2E4E06880F6}.Release|Any CPU.ActiveCfg = Release|Any CPU
		{A92E298F-49B0-435B-9F09-B2E4E06880F6}.Release|Any CPU.Build.0 = Release|Any CPU
		{48E4B172-F290-41D3-8BE7-E933D93CC6B4}.Debug|Any CPU.ActiveCfg = Debug|Any CPU
		{48E4B172-F290-41D3-8BE7-E933D93CC6B4}.Debug|Any CPU.Build.0 = Debug|Any CPU
		{48E4B172-F290-41D3-8BE7-E933D93CC6B4}.Release|Any CPU.ActiveCfg = Release|Any CPU
		{48E4B172-F290-41D3-8BE7-E933D93CC6B4}.Release|Any CPU.Build.0 = Release|Any CPU
		{A30E3D60-1AB3-4FAF-A6CB-A3C030D26B12}.Debug|Any CPU.ActiveCfg = Debug|Any CPU
		{A30E3D60-1AB3-4FAF-A6CB-A3C030D26B12}.Debug|Any CPU.Build.0 = Debug|Any CPU
		{A30E3D60-1AB3-4FAF-A6CB-A3C030D26B12}.Release|Any CPU.ActiveCfg = Release|Any CPU
		{A30E3D60-1AB3-4FAF-A6CB-A3C030D26B12}.Release|Any CPU.Build.0 = Release|Any CPU
	EndGlobalSection
	GlobalSection(SolutionProperties) = preSolution
		HideSolutionNode = FALSE
	EndGlobalSection
	GlobalSection(ExtensibilityGlobals) = postSolution
		SolutionGuid = {8F67AB34-AF3D-426C-8FA6-854CF40A8A6C}
	EndGlobalSection
EndGlobal
